
Microsoft Visual Studio Solution File, Format Version 12.00
# Visual Studio Version 17
VisualStudioVersion = 17.13.35818.85 d17.13
MinimumVisualStudioVersion = 10.0.40219.1
Project("{8BC9CEB8-8B4A-11D0-8D11-00A0C91BC942}") = "trabalho eda", "trabalho eda.vcxproj", "{28793268-38BE-4526-8929-6DDF55E4C75C}"
EndProject
Global
	GlobalSection(SolutionConfigurationPlatforms) = preSolution
		Debug|x64 = Debug|x64
		Debug|x86 = Debug|x86
		Release|x64 = Release|x64
		Release|x86 = Release|x86
	EndGlobalSection
	GlobalSection(ProjectConfigurationPlatforms) = postSolution
		{28793268-38BE-4526-8929-6DDF55E4C75C}.Debug|x64.ActiveCfg = Debug|x64
		{28793268-38BE-4526-8929-6DDF55E4C75C}.Debug|x64.Build.0 = Debug|x64
		{28793268-38BE-4526-8929-6DDF55E4C75C}.Debug|x86.ActiveCfg = Debug|Win32
		{28793268-38BE-4526-8929-6DDF55E4C75C}.Debug|x86.Build.0 = Debug|Win32
		{28793268-38BE-4526-8929-6DDF55E4C75C}.Release|x64.ActiveCfg = Release|x64
		{28793268-38BE-4526-8929-6DDF55E4C75C}.Release|x64.Build.0 = Release|x64
		{28793268-38BE-4526-8929-6DDF55E4C75C}.Release|x86.ActiveCfg = Release|Win32
		{28793268-38BE-4526-8929-6DDF55E4C75C}.Release|x86.Build.0 = Release|Win32
	EndGlobalSection
	GlobalSection(SolutionProperties) = preSolution
		HideSolutionNode = FALSE
	EndGlobalSection
	GlobalSection(ExtensibilityGlobals) = postSolution
		SolutionGuid = {ECC7707A-F9F0-48D2-A60D-053E4C5254BA}
	EndGlobalSection
EndGlobal
